<?xml version="1.0" encoding="utf-8"?>
<Project ToolsVersion="4.0" xmlns="http://schemas.microsoft.com/developer/msbuild/2003">
  <ItemGroup>
    <Filter Include="src">
      <UniqueIdentifier>{2DAB880B-99B4-887C-2230-9F7C8E38947C}</UniqueIdentifier>
    </Filter>
    <Filter Include="src\Hazle">
      <UniqueIdentifier>{D0380AB3-3CA3-BE29-85E1-6FCFF18A9C7E}</UniqueIdentifier>
    </Filter>
    <Filter Include="src\Hazle\Core">
      <UniqueIdentifier>{285FD7B2-142D-CBB8-FDC0-3BDFE92DA71D}</UniqueIdentifier>
    </Filter>
    <Filter Include="src\Hazle\Debug">
      <UniqueIdentifier>{469FCF0D-B22A-3DD2-BB3B-C0C6274699D2}</UniqueIdentifier>
    </Filter>
    <Filter Include="src\Hazle\Event">
      <UniqueIdentifier>{2116EB0D-8DA1-58D2-96B2-DBC602BDB4D2}</UniqueIdentifier>
    </Filter>
    <Filter Include="src\Hazle\ImGui">
      <UniqueIdentifier>{FA092E0E-6695-9BD2-6FA6-1EC7DBB0F7D2}</UniqueIdentifier>
    </Filter>
    <Filter Include="src\Hazle\Math">
      <UniqueIdentifier>{A99FDCB2-956D-D0B8-7E01-41DF6A6EAC1D}</UniqueIdentifier>
    </Filter>
    <Filter Include="src\Hazle\Renderer">
      <UniqueIdentifier>{76662ACD-624A-EB22-CBAA-E575B7ADD5A4}</UniqueIdentifier>
    </Filter>
    <Filter Include="src\Hazle\Scene">
      <UniqueIdentifier>{ED01DE0E-598D-4BD3-629E-CEC7CEA8A7D3}</UniqueIdentifier>
    </Filter>
    <Filter Include="src\Hazle\utils">
      <UniqueIdentifier>{50A64E11-BC31-BCD5-C542-3FCA314D18D6}</UniqueIdentifier>
    </Filter>
    <Filter Include="src\Platform">
      <UniqueIdentifier>{21CA02E5-0D2D-9289-B6B2-CA3FA2F45D0C}</UniqueIdentifier>
    </Filter>
    <Filter Include="src\Platform\OpenGL">
      <UniqueIdentifier>{35A49437-A105-7245-2A73-B8F796D3A804}</UniqueIdentifier>
    </Filter>
    <Filter Include="src\Platform\Windows">
      <UniqueIdentifier>{5B054582-4794-CE4B-F0B2-E246DC20DFF1}</UniqueIdentifier>
    </Filter>
    <Filter Include="vendor">
      <UniqueIdentifier>{B3738122-9F15-ACF8-88D0-BF4C74113349}</UniqueIdentifier>
    </Filter>
    <Filter Include="vendor\imguizmo">
      <UniqueIdentifier>{B36F5F1F-1FFB-CCE3-280C-50D8941629E4}</UniqueIdentifier>
    </Filter>
    <Filter Include="vendor\imguizmo\src">
      <UniqueIdentifier>{4ACF419C-B630-1FAA-3F9E-655CABFE5569}</UniqueIdentifier>
    </Filter>
    <Filter Include="vendor\stb_image">
      <UniqueIdentifier>{0DA0BA59-F998-D9AB-22CB-BE300E23B9B7}</UniqueIdentifier>
    </Filter>
  </ItemGroup>
  <ItemGroup>
    <ClInclude Include="src\Hazle\Core\Application.h">
      <Filter>src\Hazle\Core</Filter>
    </ClInclude>
    <ClInclude Include="src\Hazle\Core\EntryPoint.h">
      <Filter>src\Hazle\Core</Filter>
    </ClInclude>
    <ClInclude Include="src\Hazle\Core\Hazle.h">
      <Filter>src\Hazle\Core</Filter>
    </ClInclude>
    <ClInclude Include="src\Hazle\Core\Input.h">
      <Filter>src\Hazle\Core</Filter>
    </ClInclude>
    <ClInclude Include="src\Hazle\Core\KeyCodes.h">
      <Filter>src\Hazle\Core</Filter>
    </ClInclude>
    <ClInclude Include="src\Hazle\Core\Layer.h">
      <Filter>src\Hazle\Core</Filter>
    </ClInclude>
    <ClInclude Include="src\Hazle\Core\LayerStack.h">
      <Filter>src\Hazle\Core</Filter>
    </ClInclude>
    <ClInclude Include="src\Hazle\Core\Log.h">
      <Filter>src\Hazle\Core</Filter>
    </ClInclude>
    <ClInclude Include="src\Hazle\Core\MouseCodes.h">
      <Filter>src\Hazle\Core</Filter>
    </ClInclude>
    <ClInclude Include="src\Hazle\Core\Timestep.h">
      <Filter>src\Hazle\Core</Filter>
    </ClInclude>
    <ClInclude Include="src\Hazle\Core\UUID.h">
      <Filter>src\Hazle\Core</Filter>
    </ClInclude>
    <ClInclude Include="src\Hazle\Core\Window.h">
      <Filter>src\Hazle\Core</Filter>
    </ClInclude>
    <ClInclude Include="src\Hazle\Core\core.h">
      <Filter>src\Hazle\Core</Filter>
    </ClInclude>
    <ClInclude Include="src\Hazle\Debug\Instrumentor.h">
      <Filter>src\Hazle\Debug</Filter>
    </ClInclude>
    <ClInclude Include="src\Hazle\Event\ApplicationEvent.h">
      <Filter>src\Hazle\Event</Filter>
    </ClInclude>
    <ClInclude Include="src\Hazle\Event\Event.h">
      <Filter>src\Hazle\Event</Filter>
    </ClInclude>
    <ClInclude Include="src\Hazle\Event\KeyEvent.h">
      <Filter>src\Hazle\Event</Filter>
    </ClInclude>
    <ClInclude Include="src\Hazle\Event\MouseEvent.h">
      <Filter>src\Hazle\Event</Filter>
    </ClInclude>
    <ClInclude Include="src\Hazle\ImGui\ImGuiLayer.h">
      <Filter>src\Hazle\ImGui</Filter>
    </ClInclude>
    <ClInclude Include="src\Hazle\Math\Math.h">
      <Filter>src\Hazle\Math</Filter>
    </ClInclude>
    <ClInclude Include="src\Hazle\Renderer\Buffer.h">
      <Filter>src\Hazle\Renderer</Filter>
    </ClInclude>
    <ClInclude Include="src\Hazle\Renderer\Camera.h">
      <Filter>src\Hazle\Renderer</Filter>
    </ClInclude>
    <ClInclude Include="src\Hazle\Renderer\EditorCamera.h">
      <Filter>src\Hazle\Renderer</Filter>
    </ClInclude>
    <ClInclude Include="src\Hazle\Renderer\FrameBuffer.h">
      <Filter>src\Hazle\Renderer</Filter>
    </ClInclude>
    <ClInclude Include="src\Hazle\Renderer\GraphicsContext.h">
      <Filter>src\Hazle\Renderer</Filter>
    </ClInclude>
    <ClInclude Include="src\Hazle\Renderer\OrthographicCamera.h">
      <Filter>src\Hazle\Renderer</Filter>
    </ClInclude>
    <ClInclude Include="src\Hazle\Renderer\OrthographicCameraController.h">
      <Filter>src\Hazle\Renderer</Filter>
    </ClInclude>
    <ClInclude Include="src\Hazle\Renderer\RenderCommand.h">
      <Filter>src\Hazle\Renderer</Filter>
    </ClInclude>
    <ClInclude Include="src\Hazle\Renderer\Renderer.h">
      <Filter>src\Hazle\Renderer</Filter>
    </ClInclude>
    <ClInclude Include="src\Hazle\Renderer\Renderer2D.h">
      <Filter>src\Hazle\Renderer</Filter>
    </ClInclude>
    <ClInclude Include="src\Hazle\Renderer\RendererAPI.h">
      <Filter>src\Hazle\Renderer</Filter>
    </ClInclude>
    <ClInclude Include="src\Hazle\Renderer\Shader.h">
      <Filter>src\Hazle\Renderer</Filter>
    </ClInclude>
    <ClInclude Include="src\Hazle\Renderer\SubTexture2d.h">
      <Filter>src\Hazle\Renderer</Filter>
    </ClInclude>
    <ClInclude Include="src\Hazle\Renderer\Texture.h">
      <Filter>src\Hazle\Renderer</Filter>
    </ClInclude>
    <ClInclude Include="src\Hazle\Renderer\VertexArray.h">
      <Filter>src\Hazle\Renderer</Filter>
    </ClInclude>
    <ClInclude Include="src\Hazle\Scene\Audio.h">
      <Filter>src\Hazle\Scene</Filter>
    </ClInclude>
    <ClInclude Include="src\Hazle\Scene\Component.h">
      <Filter>src\Hazle\Scene</Filter>
    </ClInclude>
    <ClInclude Include="src\Hazle\Scene\Entity.h">
      <Filter>src\Hazle\Scene</Filter>
    </ClInclude>
    <ClInclude Include="src\Hazle\Scene\Scene.h">
      <Filter>src\Hazle\Scene</Filter>
    </ClInclude>
    <ClInclude Include="src\Hazle\Scene\SceneCamera.h">
      <Filter>src\Hazle\Scene</Filter>
    </ClInclude>
    <ClInclude Include="src\Hazle\Scene\SceneSerializer.h">
      <Filter>src\Hazle\Scene</Filter>
    </ClInclude>
    <ClInclude Include="src\Hazle\Scene\ScriptableEntity.h">
      <Filter>src\Hazle\Scene</Filter>
    </ClInclude>
    <ClInclude Include="src\Hazle\utils\PlatformUtils.h">
      <Filter>src\Hazle\utils</Filter>
    </ClInclude>
    <ClInclude Include="src\Platform\OpenGL\OpenGLBuffer.h">
      <Filter>src\Platform\OpenGL</Filter>
    </ClInclude>
    <ClInclude Include="src\Platform\OpenGL\OpenGLContext.h">
      <Filter>src\Platform\OpenGL</Filter>
    </ClInclude>
    <ClInclude Include="src\Platform\OpenGL\OpenGLFramrBuffer.h">
      <Filter>src\Platform\OpenGL</Filter>
    </ClInclude>
    <ClInclude Include="src\Platform\OpenGL\OpenGLRendererAPI.h">
      <Filter>src\Platform\OpenGL</Filter>
    </ClInclude>
    <ClInclude Include="src\Platform\OpenGL\OpenGLShader.h">
      <Filter>src\Platform\OpenGL</Filter>
    </ClInclude>
    <ClInclude Include="src\Platform\OpenGL\OpenGLTexture.h">
      <Filter>src\Platform\OpenGL</Filter>
    </ClInclude>
    <ClInclude Include="src\Platform\OpenGL\OpenGLVertexArray.h">
      <Filter>src\Platform\OpenGL</Filter>
    </ClInclude>
    <ClInclude Include="src\Platform\Windows\WindowsWindow.h">
      <Filter>src\Platform\Windows</Filter>
    </ClInclude>
    <ClInclude Include="src\hzpch.h">
      <Filter>src</Filter>
    </ClInclude>
    <ClInclude Include="vendor\imguizmo\src\ImGuizmo.h">
      <Filter>vendor\imguizmo\src</Filter>
    </ClInclude>
    <ClInclude Include="vendor\stb_image\stb_image.h">
      <Filter>vendor\stb_image</Filter>
    </ClInclude>
  </ItemGroup>
  <ItemGroup>
    <ClCompile Include="src\Hazle\Core\Application.cpp">
      <Filter>src\Hazle\Core</Filter>
    </ClCompile>
    <ClCompile Include="src\Hazle\Core\Layer.cpp">
      <Filter>src\Hazle\Core</Filter>
    </ClCompile>
    <ClCompile Include="src\Hazle\Core\LayerStack.cpp">
      <Filter>src\Hazle\Core</Filter>
    </ClCompile>
    <ClCompile Include="src\Hazle\Core\Log.cpp">
      <Filter>src\Hazle\Core</Filter>
    </ClCompile>
    <ClCompile Include="src\Hazle\Core\UUID.cpp">
      <Filter>src\Hazle\Core</Filter>
    </ClCompile>
    <ClCompile Include="src\Hazle\Core\hzpch.cpp">
      <Filter>src\Hazle\Core</Filter>
    </ClCompile>
    <ClCompile Include="src\Hazle\ImGui\ImGuiBuild.cpp">
      <Filter>src\Hazle\ImGui</Filter>
    </ClCompile>
    <ClCompile Include="src\Hazle\ImGui\ImGuiLayer.cpp">
      <Filter>src\Hazle\ImGui</Filter>
    </ClCompile>
    <ClCompile Include="src\Hazle\Math\Math.cpp">
      <Filter>src\Hazle\Math</Filter>
    </ClCompile>
    <ClCompile Include="src\Hazle\Renderer\Buffer.cpp">
      <Filter>src\Hazle\Renderer</Filter>
    </ClCompile>
    <ClCompile Include="src\Hazle\Renderer\EditorCamera.cpp">
      <Filter>src\Hazle\Renderer</Filter>
    </ClCompile>
    <ClCompile Include="src\Hazle\Renderer\FrameBuffer.cpp">
      <Filter>src\Hazle\Renderer</Filter>
    </ClCompile>
    <ClCompile Include="src\Hazle\Renderer\OrthographicCamera.cpp">
      <Filter>src\Hazle\Renderer</Filter>
    </ClCompile>
    <ClCompile Include="src\Hazle\Renderer\OrthographicCameraController.cpp">
      <Filter>src\Hazle\Renderer</Filter>
    </ClCompile>
    <ClCompile Include="src\Hazle\Renderer\RenderCommand.cpp">
      <Filter>src\Hazle\Renderer</Filter>
    </ClCompile>
    <ClCompile Include="src\Hazle\Renderer\Renderer.cpp">
      <Filter>src\Hazle\Renderer</Filter>
    </ClCompile>
    <ClCompile Include="src\Hazle\Renderer\Renderer2D.cpp">
      <Filter>src\Hazle\Renderer</Filter>
    </ClCompile>
    <ClCompile Include="src\Hazle\Renderer\RendererAPI.cpp">
      <Filter>src\Hazle\Renderer</Filter>
    </ClCompile>
    <ClCompile Include="src\Hazle\Renderer\Shader.cpp">
      <Filter>src\Hazle\Renderer</Filter>
    </ClCompile>
    <ClCompile Include="src\Hazle\Renderer\SubTexture2D.cpp">
      <Filter>src\Hazle\Renderer</Filter>
    </ClCompile>
    <ClCompile Include="src\Hazle\Renderer\Texture.cpp">
      <Filter>src\Hazle\Renderer</Filter>
    </ClCompile>
    <ClCompile Include="src\Hazle\Renderer\VertexArray.cpp">
      <Filter>src\Hazle\Renderer</Filter>
    </ClCompile>
    <ClCompile Include="src\Hazle\Scene\Audio.cpp">
      <Filter>src\Hazle\Scene</Filter>
    </ClCompile>
    <ClCompile Include="src\Hazle\Scene\Entity.cpp">
      <Filter>src\Hazle\Scene</Filter>
    </ClCompile>
    <ClCompile Include="src\Hazle\Scene\Scene.cpp">
      <Filter>src\Hazle\Scene</Filter>
    </ClCompile>
    <ClCompile Include="src\Hazle\Scene\SceneCamera.cpp">
      <Filter>src\Hazle\Scene</Filter>
    </ClCompile>
    <ClCompile Include="src\Hazle\Scene\SceneSerializer.cpp">
      <Filter>src\Hazle\Scene</Filter>
    </ClCompile>
    <ClCompile Include="src\Platform\OpenGL\OpenGLBuffer.cpp">
      <Filter>src\Platform\OpenGL</Filter>
    </ClCompile>
    <ClCompile Include="src\Platform\OpenGL\OpenGLContext.cpp">
      <Filter>src\Platform\OpenGL</Filter>
    </ClCompile>
    <ClCompile Include="src\Platform\OpenGL\OpenGLFramrBuffer.cpp">
      <Filter>src\Platform\OpenGL</Filter>
    </ClCompile>
    <ClCompile Include="src\Platform\OpenGL\OpenGLRendererAPI.cpp">
      <Filter>src\Platform\OpenGL</Filter>
    </ClCompile>
    <ClCompile Include="src\Platform\OpenGL\OpenGLShader.cpp">
      <Filter>src\Platform\OpenGL</Filter>
    </ClCompile>
    <ClCompile Include="src\Platform\OpenGL\OpenGLTexture.cpp">
      <Filter>src\Platform\OpenGL</Filter>
    </ClCompile>
    <ClCompile Include="src\Platform\OpenGL\OpenGLVertexArray.cpp">
      <Filter>src\Platform\OpenGL</Filter>
    </ClCompile>
    <ClCompile Include="src\Platform\Windows\WindowPlatformUtils.cpp">
      <Filter>src\Platform\Windows</Filter>
    </ClCompile>
    <ClCompile Include="src\Platform\Windows\WindowsInput.cpp">
      <Filter>src\Platform\Windows</Filter>
    </ClCompile>
    <ClCompile Include="src\Platform\Windows\WindowsWindow.cpp">
      <Filter>src\Platform\Windows</Filter>
    </ClCompile>
    <ClCompile Include="vendor\imguizmo\src\ImGuizmo.cpp">
      <Filter>vendor\imguizmo\src</Filter>
    </ClCompile>
    <ClCompile Include="vendor\stb_image\stb_image.cpp">
      <Filter>vendor\stb_image</Filter>
    </ClCompile>
  </ItemGroup>
</Project>